
Microsoft Visual Studio Solution File, Format Version 12.00
# Visual Studio Version 17
VisualStudioVersion = 17.14.37027.9 d17.14
MinimumVisualStudioVersion = 10.0.40219.1
Project("{FAE04EC0-301F-11D3-BF4B-00C04F79EFBC}") = "AppDemo", "AppDemo\AppDemo.csproj", "{9F86E388-8419-401B-A779-452BBB62563B}"
EndProject
Global
	GlobalSection(SolutionConfigurationPlatforms) = preSolution
		Debug|Any CPU = Debug|Any CPU
		Release|Any CPU = Release|Any CPU
	EndGlobalSection
	GlobalSection(ProjectConfigurationPlatforms) = postSolution
		{9F86E388-8419-401B-A779-452BBB62563B}.Debug|Any CPU.ActiveCfg = Debug|Any CPU
		{9F86E388-8419-401B-A779-452BBB62563B}.Debug|Any CPU.Build.0 = Debug|Any CPU
		{9F86E388-8419-401B-A779-452BBB62563B}.Release|Any CPU.ActiveCfg = Release|Any CPU
		{9F86E388-8419-401B-A779-452BBB62563B}.Release|Any CPU.Build.0 = Release|Any CPU
	EndGlobalSection
	GlobalSection(SolutionProperties) = preSolution
		HideSolutionNode = FALSE
	EndGlobalSection
	GlobalSection(ExtensibilityGlobals) = postSolution
		SolutionGuid = {B95052A7-C377-4089-80A6-F208B26E6B56}
	EndGlobalSection
EndGlobal
