
Microsoft Visual Studio Solution File, Format Version 12.00
# Visual Studio Version 17
VisualStudioVersion = 17.14.37027.9 d17.14
MinimumVisualStudioVersion = 10.0.40219.1
Project("{FAE04EC0-301F-11D3-BF4B-00C04F79EFBC}") = "Handling", "Handling\Handling.csproj", "{286F5AE5-546F-4C5A-96F8-497AE104EEE6}"
EndProject
Global
	GlobalSection(SolutionConfigurationPlatforms) = preSolution
		Debug|Any CPU = Debug|Any CPU
		Release|Any CPU = Release|Any CPU
	EndGlobalSection
	GlobalSection(ProjectConfigurationPlatforms) = postSolution
		{286F5AE5-546F-4C5A-96F8-497AE104EEE6}.Debug|Any CPU.ActiveCfg = Debug|Any CPU
		{286F5AE5-546F-4C5A-96F8-497AE104EEE6}.Debug|Any CPU.Build.0 = Debug|Any CPU
		{286F5AE5-546F-4C5A-96F8-497AE104EEE6}.Release|Any CPU.ActiveCfg = Release|Any CPU
		{286F5AE5-546F-4C5A-96F8-497AE104EEE6}.Release|Any CPU.Build.0 = Release|Any CPU
	EndGlobalSection
	GlobalSection(SolutionProperties) = preSolution
		HideSolutionNode = FALSE
	EndGlobalSection
	GlobalSection(ExtensibilityGlobals) = postSolution
		SolutionGuid = {3CD1332E-30B3-402F-AAB9-93C0B04BE3AD}
	EndGlobalSection
EndGlobal
